
Microsoft Visual Studio Solution File, Format Version 12.00
# Visual Studio Version 17
VisualStudioVersion = 17.5.33530.505
MinimumVisualStudioVersion = 10.0.40219.1
Project("{9A19103F-16F7-4668-BE54-9A1E7A4F7556}") = "ConsoleApp", "ConsoleApp\ConsoleApp.csproj", "{A817DD70-89C2-4CC9-955B-8BA4566FD71D}"
EndProject
Project("{FAE04EC0-301F-11D3-BF4B-00C04F79EFBC}") = "API", "API\API.csproj", "{66ED2D7D-0483-452D-BCC2-6E8E5289EC1F}"
EndProject
Project("{FAE04EC0-301F-11D3-BF4B-00C04F79EFBC}") = "X", "X\X.csproj", "{C26A6610-5BAB-4D32-AF36-338A5B03CAA7}"
EndProject
Global
	GlobalSection(SolutionConfigurationPlatforms) = preSolution
		Debug|Any CPU = Debug|Any CPU
		Release|Any CPU = Release|Any CPU
	EndGlobalSection
	GlobalSection(ProjectConfigurationPlatforms) = postSolution
		{A817DD70-89C2-4CC9-955B-8BA4566FD71D}.Debug|Any CPU.ActiveCfg = Debug|Any CPU
		{A817DD70-89C2-4CC9-955B-8BA4566FD71D}.Debug|Any CPU.Build.0 = Debug|Any CPU
		{A817DD70-89C2-4CC9-955B-8BA4566FD71D}.Release|Any CPU.ActiveCfg = Release|Any CPU
		{A817DD70-89C2-4CC9-955B-8BA4566FD71D}.Release|Any CPU.Build.0 = Release|Any CPU
		{66ED2D7D-0483-452D-BCC2-6E8E5289EC1F}.Debug|Any CPU.ActiveCfg = Debug|Any CPU
		{66ED2D7D-0483-452D-BCC2-6E8E5289EC1F}.Debug|Any CPU.Build.0 = Debug|Any CPU
		{66ED2D7D-0483-452D-BCC2-6E8E5289EC1F}.Release|Any CPU.ActiveCfg = Release|Any CPU
		{66ED2D7D-0483-452D-BCC2-6E8E5289EC1F}.Release|Any CPU.Build.0 = Release|Any CPU
		{C26A6610-5BAB-4D32-AF36-338A5B03CAA7}.Debug|Any CPU.ActiveCfg = Debug|Any CPU
		{C26A6610-5BAB-4D32-AF36-338A5B03CAA7}.Debug|Any CPU.Build.0 = Debug|Any CPU
		{C26A6610-5BAB-4D32-AF36-338A5B03CAA7}.Release|Any CPU.ActiveCfg = Release|Any CPU
		{C26A6610-5BAB-4D32-AF36-338A5B03CAA7}.Release|Any CPU.Build.0 = Release|Any CPU
	EndGlobalSection
	GlobalSection(SolutionProperties) = preSolution
		HideSolutionNode = FALSE
	EndGlobalSection
	GlobalSection(ExtensibilityGlobals) = postSolution
		SolutionGuid = {1AD8AAEB-B7F4-4044-8F25-17F7DAA4C565}
	EndGlobalSection
EndGlobal
